// !$*UTF8*$!
{
	archiveVersion = 1;
	classes = {
	};
	objectVersion = 46;
	objects = {

/* Begin PBXBuildFile section */
		588872861C073F6C00EA776F /* main.m in Sources */ = {isa = PBXBuildFile; fileRef = 588872851C073F6C00EA776F /* main.m */; };
		588872891C073F6C00EA776F /* AppDelegate.m in Sources */ = {isa = PBXBuildFile; fileRef = 588872881C073F6C00EA776F /* AppDelegate.m */; };
		5888728C1C073F6C00EA776F /* ViewController.m in Sources */ = {isa = PBXBuildFile; fileRef = 5888728B1C073F6C00EA776F /* ViewController.m */; };
		5888728F1C073F6C00EA776F /* Main.storyboard in Resources */ = {isa = PBXBuildFile; fileRef = 5888728D1C073F6C00EA776F /* Main.storyboard */; };
		588872911C073F6C00EA776F /* Assets.xcassets in Resources */ = {isa = PBXBuildFile; fileRef = 588872901C073F6C00EA776F /* Assets.xcassets */; };
		588872941C073F6C00EA776F /* LaunchScreen.storyboard in Resources */ = {isa = PBXBuildFile; fileRef = 588872921C073F6C00EA776F /* LaunchScreen.storyboard */; };
		5888729D1C07411100EA776F /* InputViewController.m in Sources */ = {isa = PBXBuildFile; fileRef = 5888729C1C07411100EA776F /* InputViewController.m */; };
/* End PBXBuildFile section */

/* Begin PBXFileReference section */
		588872811C073F6C00EA776F /* InputViewController.app */ = {isa = PBXFileReference; explicitFileType = wrapper.application; includeInIndex = 0; path = InputViewController.app; sourceTree = BUILT_PRODUCTS_DIR; };
		588872851C073F6C00EA776F /* main.m */ = {isa = PBXFileReference; lastKnownFileType = sourcecode.c.objc; path = main.m; sourceTree = "<group>"; };
		588872871C073F6C00EA776F /* AppDelegate.h */ = {isa = PBXFileReference; lastKnownFileType = sourcecode.c.h; path = AppDelegate.h; sourceTree = "<group>"; };
		588872881C073F6C00EA776F /* AppDelegate.m */ = {isa = PBXFileReference; lastKnownFileType = sourcecode.c.objc; path = AppDelegate.m; sourceTree = "<group>"; };
		5888728A1C073F6C00EA776F /* ViewController.h */ = {isa = PBXFileReference; lastKnownFileType = sourcecode.c.h; path = ViewController.h; sourceTree = "<group>"; };
		5888728B1C073F6C00EA776F /* ViewController.m */ = {isa = PBXFileReference; lastKnownFileType = sourcecode.c.objc; path = ViewController.m; sourceTree = "<group>"; };
		5888728E1C073F6C00EA776F /* Base */ = {isa = PBXFileReference; lastKnownFileType = file.storyboard; name = Base; path = Base.lproj/Main.storyboard; sourceTree = "<group>"; };
		588872901C073F6C00EA776F /* Assets.xcassets */ = {isa = PBXFileReference; lastKnownFileType = folder.assetcatalog; path = Assets.xcassets; sourceTree = "<group>"; };
		588872931C073F6C00EA776F /* Base */ = {isa = PBXFileReference; lastKnownFileType = file.storyboard; name = Base; path = Base.lproj/LaunchScreen.storyboard; sourceTree = "<group>"; };
		588872951C073F6C00EA776F /* Info.plist */ = {isa = PBXFileReference; lastKnownFileType = text.plist.xml; path = Info.plist; sourceTree = "<group>"; };
		5888729B1C07411100EA776F /* InputViewController.h */ = {isa = PBXFileReference; fileEncoding = 4; lastKnownFileType = sourcecode.c.h; path = InputViewController.h; sourceTree = "<group>"; };
		5888729C1C07411100EA776F /* InputViewController.m */ = {isa = PBXFileReference; fileEncoding = 4; lastKnownFileType = sourcecode.c.objc; path = InputViewController.m; sourceTree = "<group>"; };
/* End PBXFileReference section */

/* Begin PBXFrameworksBuildPhase section */
		5888727E1C073F6C00EA776F /* Frameworks */ = {
			isa = PBXFrameworksBuildPhase;
			buildActionMask = 2147483647;
			files = (
			);
			runOnlyForDeploymentPostprocessing = 0;
		};
/* End PBXFrameworksBuildPhase section */

/* Begin PBXGroup section */
		588872781C073F6C00EA776F = {
			isa = PBXGroup;
			children = (
				588872831C073F6C00EA776F /* InputViewController */,
				588872821C073F6C00EA776F /* Products */,
			);
			sourceTree = "<group>";
		};
		588872821C073F6C00EA776F /* Products */ = {
			isa = PBXGroup;
			children = (
				588872811C073F6C00EA776F /* InputViewController.app */,
			);
			name = Products;
			sourceTree = "<group>";
		};
		588872831C073F6C00EA776F /* InputViewController */ = {
			isa = PBXGroup;
			children = (
				588872871C073F6C00EA776F /* AppDelegate.h */,
				588872881C073F6C00EA776F /* AppDelegate.m */,
				5888728A1C073F6C00EA776F /* ViewController.h */,
				5888728B1C073F6C00EA776F /* ViewController.m */,
				5888729B1C07411100EA776F /* InputViewController.h */,
				5888729C1C07411100EA776F /* InputViewController.m */,
				5888728D1C073F6C00EA776F /* Main.storyboard */,
				588872901C073F6C00EA776F /* Assets.xcassets */,
				588872921C073F6C00EA776F /* LaunchScreen.storyboard */,
				588872951C073F6C00EA776F /* Info.plist */,
				588872841C073F6C00EA776F /* Supporting Files */,
			);
			path = InputViewController;
			sourceTree = "<group>";
		};
		588872841C073F6C00EA776F /* Supporting Files */ = {
			isa = PBXGroup;
			children = (
				588872851C073F6C00EA776F /* main.m */,
			);
			name = "Supporting Files";
			sourceTree = "<group>";
		};
/* End PBXGroup section */

/* Begin PBXNativeTarget section */
		588872801C073F6C00EA776F /* InputViewController */ = {
			isa = PBXNativeTarget;
			buildConfigurationList = 588872981C073F6C00EA776F /* Build configuration list for PBXNativeTarget "InputViewController" */;
			buildPhases = (
				5888727D1C073F6C00EA776F /* Sources */,
				5888727E1C073F6C00EA776F /* Frameworks */,
				5888727F1C073F6C00EA776F /* Resources */,
			);
			buildRules = (
			);
			dependencies = (
			);
			name = InputViewController;
			productName = TestInputAccessory;
			productReference = 588872811C073F6C00EA776F /* InputViewController.app */;
			productType = "com.apple.product-type.application";
		};
/* End PBXNativeTarget section */

/* Begin PBXProject section */
		588872791C073F6C00EA776F /* Project object */ = {
			isa = PBXProject;
			attributes = {
				LastUpgradeCheck = 0710;
				ORGANIZATIONNAME = pronebird;
				TargetAttributes = {
					588872801C073F6C00EA776F = {
						CreatedOnToolsVersion = 7.1.1;
					};
				};
			};
			buildConfigurationList = 5888727C1C073F6C00EA776F /* Build configuration list for PBXProject "InputViewController" */;
			compatibilityVersion = "Xcode 3.2";
			developmentRegion = English;
			hasScannedForEncodings = 0;
			knownRegions = (
				en,
				Base,
			);
			mainGroup = 588872781C073F6C00EA776F;
			productRefGroup = 588872821C073F6C00EA776F /* Products */;
			projectDirPath = "";
			projectRoot = "";
			targets = (
				588872801C073F6C00EA776F /* InputViewController */,
			);
		};
/* End PBXProject section */

/* Begin PBXResourcesBuildPhase section */
		5888727F1C073F6C00EA776F /* Resources */ = {
			isa = PBXResourcesBuildPhase;
			buildActionMask = 2147483647;
			files = (
				588872941C073F6C00EA776F /* LaunchScreen.storyboard in Resources */,
				588872911C073F6C00EA776F /* Assets.xcassets in Resources */,
				5888728F1C073F6C00EA776F /* Main.storyboard in Resources */,
			);
			runOnlyForDeploymentPostprocessing = 0;
		};
/* End PBXResourcesBuildPhase section */

/* Begin PBXSourcesBuildPhase section */
		5888727D1C073F6C00EA776F /* Sources */ = {
			isa = PBXSourcesBuildPhase;
			buildActionMask = 2147483647;
			files = (
				5888728C1C073F6C00EA776F /* ViewController.m in Sources */,
				588872891C073F6C00EA776F /* AppDelegate.m in Sources */,
				588872861C073F6C00EA776F /* main.m in Sources */,
				5888729D1C07411100EA776F /* InputViewController.m in Sources */,
			);
			runOnlyForDeploymentPostprocessing = 0;
		};
/* End PBXSourcesBuildPhase section */

/* Begin PBXVariantGroup section */
		5888728D1C073F6C00EA776F /* Main.storyboard */ = {
			isa = PBXVariantGroup;
			children = (
				5888728E1C073F6C00EA776F /* Base */,
			);
			name = Main.storyboard;
			sourceTree = "<group>";
		};
		588872921C073F6C00EA776F /* LaunchScreen.storyboard */ = {
			isa = PBXVariantGroup;
			children = (
				588872931C073F6C00EA776F /* Base */,
			);
			name = LaunchScreen.storyboard;
			sourceTree = "<group>";
		};
/* End PBXVariantGroup section */

/* Begin XCBuildConfiguration section */
		588872961C073F6C00EA776F /* Debug */ = {
			isa = XCBuildConfiguration;
			buildSettings = {
				ALWAYS_SEARCH_USER_PATHS = NO;
				CLANG_CXX_LANGUAGE_STANDARD = "gnu++0x";
				CLANG_CXX_LIBRARY = "libc++";
				CLANG_ENABLE_MODULES = YES;
				CLANG_ENABLE_OBJC_ARC = YES;
				CLANG_WARN_BOOL_CONVERSION = YES;
				CLANG_WARN_CONSTANT_CONVERSION = YES;
				CLANG_WARN_DIRECT_OBJC_ISA_USAGE = YES_ERROR;
				CLANG_WARN_EMPTY_BODY = YES;
				CLANG_WARN_ENUM_CONVERSION = YES;
				CLANG_WARN_INT_CONVERSION = YES;
				CLANG_WARN_OBJC_ROOT_CLASS = YES_ERROR;
				CLANG_WARN_UNREACHABLE_CODE = YES;
				CLANG_WARN__DUPLICATE_METHOD_MATCH = YES;
				"CODE_SIGN_IDENTITY[sdk=iphoneos*]" = "iPhone Developer";
				COPY_PHASE_STRIP = NO;
				DEBUG_INFORMATION_FORMAT = dwarf;
				ENABLE_STRICT_OBJC_MSGSEND = YES;
				ENABLE_TESTABILITY = YES;
				GCC_C_LANGUAGE_STANDARD = gnu99;
				GCC_DYNAMIC_NO_PIC = NO;
				GCC_NO_COMMON_BLOCKS = YES;
				GCC_OPTIMIZATION_LEVEL = 0;
				GCC_PREPROCESSOR_DEFINITIONS = (
					"DEBUG=1",
					"$(inherited)",
				);
				GCC_WARN_64_TO_32_BIT_CONVERSION = YES;
				GCC_WARN_ABOUT_RETURN_TYPE = YES_ERROR;
				GCC_WARN_UNDECLARED_SELECTOR = YES;
				GCC_WARN_UNINITIALIZED_AUTOS = YES_AGGRESSIVE;
				GCC_WARN_UNUSED_FUNCTION = YES;
				GCC_WARN_UNUSED_VARIABLE = YES;
				IPHONEOS_DEPLOYMENT_TARGET = 9.1;
				MTL_ENABLE_DEBUG_INFO = YES;
				ONLY_ACTIVE_ARCH = YES;
				SDKROOT = iphoneos;
			};
			name = Debug;
		};
		588872971C073F6C00EA776F /* Release */ = {
			isa = XCBuildConfiguration;
			buildSettings = {
				ALWAYS_SEARCH_USER_PATHS = NO;
				CLANG_CXX_LANGUAGE_STANDARD = "gnu++0x";
				CLANG_CXX_LIBRARY = "libc++";
				CLANG_ENABLE_MODULES = YES;
				CLANG_ENABLE_OBJC_ARC = YES;
				CLANG_WARN_BOOL_CONVERSION = YES;
				CLANG_WARN_CONSTANT_CONVERSION = YES;
				CLANG_WARN_DIRECT_OBJC_ISA_USAGE = YES_ERROR;
				CLANG_WARN_EMPTY_BODY = YES;
				CLANG_WARN_ENUM_CONVERSION = YES;
				CLANG_WARN_INT_CONVERSION = YES;
				CLANG_WARN_OBJC_ROOT_CLASS = YES_ERROR;
				CLANG_WARN_UNREACHABLE_CODE = YES;
				CLANG_WARN__DUPLICATE_METHOD_MATCH = YES;
				"CODE_SIGN_IDENTITY[sdk=iphoneos*]" = "iPhone Developer";
				COPY_PHASE_STRIP = NO;
				DEBUG_INFORMATION_FORMAT = "dwarf-with-dsym";
				ENABLE_NS_ASSERTIONS = NO;
				ENABLE_STRICT_OBJC_MSGSEND = YES;
				GCC_C_LANGUAGE_STANDARD = gnu99;
				GCC_NO_COMMON_BLOCKS = YES;
				GCC_WARN_64_TO_32_BIT_CONVERSION = YES;
				GCC_WARN_ABOUT_RETURN_TYPE = YES_ERROR;
				GCC_WARN_UNDECLARED_SELECTOR = YES;
				GCC_WARN_UNINITIALIZED_AUTOS = YES_AGGRESSIVE;
				GCC_WARN_UNUSED_FUNCTION = YES;
				GCC_WARN_UNUSED_VARIABLE = YES;
				IPHONEOS_DEPLOYMENT_TARGET = 9.1;
				MTL_ENABLE_DEBUG_INFO = NO;
				SDKROOT = iphoneos;
				VALIDATE_PRODUCT = YES;
			};
			name = Release;
		};
		588872991C073F6C00EA776F /* Debug */ = {
			isa = XCBuildConfiguration;
			buildSettings = {
				ASSETCATALOG_COMPILER_APPICON_NAME = AppIcon;
				INFOPLIST_FILE = "$(SRCROOT)/InputViewController/Info.plist";
				LD_RUNPATH_SEARCH_PATHS = "$(inherited) @executable_path/Frameworks";
				PRODUCT_BUNDLE_IDENTIFIER = ru.codeispoetry.InputViewController;
				PRODUCT_NAME = InputViewController;
			};
			name = Debug;
		};
		5888729A1C073F6C00EA776F /* Release */ = {
			isa = XCBuildConfiguration;
			buildSettings = {
				ASSETCATALOG_COMPILER_APPICON_NAME = AppIcon;
				INFOPLIST_FILE = "$(SRCROOT)/InputViewController/Info.plist";
				LD_RUNPATH_SEARCH_PATHS = "$(inherited) @executable_path/Frameworks";
				PRODUCT_BUNDLE_IDENTIFIER = ru.codeispoetry.InputViewController;
				PRODUCT_NAME = InputViewController;
			};
			name = Release;
		};
/* End XCBuildConfiguration section */

/* Begin XCConfigurationList section */
		5888727C1C073F6C00EA776F /* Build configuration list for PBXProject "InputViewController" */ = {
			isa = XCConfigurationList;
			buildConfigurations = (
				588872961C073F6C00EA776F /* Debug */,
				588872971C073F6C00EA776F /* Release */,
			);
			defaultConfigurationIsVisible = 0;
			defaultConfigurationName = Release;
		};
		588872981C073F6C00EA776F /* Build configuration list for PBXNativeTarget "InputViewController" */ = {
			isa = XCConfigurationList;
			buildConfigurations = (
				588872991C073F6C00EA776F /* Debug */,
				5888729A1C073F6C00EA776F /* Release */,
			);
			defaultConfigurationIsVisible = 0;
		};
/* End XCConfigurationList section */
	};
	rootObject = 588872791C073F6C00EA776F /* Project object */;
}
